// !$*UTF8*$!
{
	archiveVersion = 1;
	classes = {
	};
	objectVersion = 50;
	objects = {

/* Begin PBXBuildFile section */
		3921D68A243EFC910056CEC8 /* WebKit.framework in Frameworks */ = {isa = PBXBuildFile; fileRef = 3921D689243EFC910056CEC8 /* WebKit.framework */; };
		395150F2243ED964007320E4 /* AppDelegate.swift in Sources */ = {isa = PBXBuildFile; fileRef = 395150F1243ED964007320E4 /* AppDelegate.swift */; };
		395150F4243ED964007320E4 /* ViewController.swift in Sources */ = {isa = PBXBuildFile; fileRef = 395150F3243ED964007320E4 /* ViewController.swift */; };
		395150F7243ED964007320E4 /* Main.storyboard in Resources */ = {isa = PBXBuildFile; fileRef = 395150F5243ED964007320E4 /* Main.storyboard */; };
		395150F9243ED967007320E4 /* Assets.xcassets in Resources */ = {isa = PBXBuildFile; fileRef = 395150F8243ED967007320E4 /* Assets.xcassets */; };
		395150FC243ED967007320E4 /* LaunchScreen.storyboard in Resources */ = {isa = PBXBuildFile; fileRef = 395150FA243ED967007320E4 /* LaunchScreen.storyboard */; };
		39515106243EDD1D007320E4 /* WebViewController.swift in Sources */ = {isa = PBXBuildFile; fileRef = 39515104243EDD1D007320E4 /* WebViewController.swift */; };
		39515107243EDD1D007320E4 /* WebViewController.xib in Resources */ = {isa = PBXBuildFile; fileRef = 39515105243EDD1D007320E4 /* WebViewController.xib */; };
/* End PBXBuildFile section */

/* Begin PBXFileReference section */
		3921D689243EFC910056CEC8 /* WebKit.framework */ = {isa = PBXFileReference; lastKnownFileType = wrapper.framework; name = WebKit.framework; path = System/Library/Frameworks/WebKit.framework; sourceTree = SDKROOT; };
		395150EE243ED964007320E4 /* In-app WebViewController.app */ = {isa = PBXFileReference; explicitFileType = wrapper.application; includeInIndex = 0; path = "In-app WebViewController.app"; sourceTree = BUILT_PRODUCTS_DIR; };
		395150F1243ED964007320E4 /* AppDelegate.swift */ = {isa = PBXFileReference; lastKnownFileType = sourcecode.swift; path = AppDelegate.swift; sourceTree = "<group>"; };
		395150F3243ED964007320E4 /* ViewController.swift */ = {isa = PBXFileReference; lastKnownFileType = sourcecode.swift; path = ViewController.swift; sourceTree = "<group>"; };
		395150F6243ED964007320E4 /* Base */ = {isa = PBXFileReference; lastKnownFileType = file.storyboard; name = Base; path = Base.lproj/Main.storyboard; sourceTree = "<group>"; };
		395150F8243ED967007320E4 /* Assets.xcassets */ = {isa = PBXFileReference; lastKnownFileType = folder.assetcatalog; path = Assets.xcassets; sourceTree = "<group>"; };
		395150FB243ED967007320E4 /* Base */ = {isa = PBXFileReference; lastKnownFileType = file.storyboard; name = Base; path = Base.lproj/LaunchScreen.storyboard; sourceTree = "<group>"; };
		395150FD243ED967007320E4 /* Info.plist */ = {isa = PBXFileReference; lastKnownFileType = text.plist.xml; path = Info.plist; sourceTree = "<group>"; };
		39515104243EDD1D007320E4 /* WebViewController.swift */ = {isa = PBXFileReference; lastKnownFileType = sourcecode.swift; path = WebViewController.swift; sourceTree = "<group>"; };
		39515105243EDD1D007320E4 /* WebViewController.xib */ = {isa = PBXFileReference; lastKnownFileType = file.xib; path = WebViewController.xib; sourceTree = "<group>"; };
/* End PBXFileReference section */

/* Begin PBXFrameworksBuildPhase section */
		395150EB243ED964007320E4 /* Frameworks */ = {
			isa = PBXFrameworksBuildPhase;
			buildActionMask = 2147483647;
			files = (
				3921D68A243EFC910056CEC8 /* WebKit.framework in Frameworks */,
			);
			runOnlyForDeploymentPostprocessing = 0;
		};
/* End PBXFrameworksBuildPhase section */

/* Begin PBXGroup section */
		3921D688243EFC910056CEC8 /* Frameworks */ = {
			isa = PBXGroup;
			children = (
				3921D689243EFC910056CEC8 /* WebKit.framework */,
			);
			name = Frameworks;
			sourceTree = "<group>";
		};
		395150E5243ED964007320E4 = {
			isa = PBXGroup;
			children = (
				395150F0243ED964007320E4 /* In-app WebViewController */,
				395150EF243ED964007320E4 /* Products */,
				3921D688243EFC910056CEC8 /* Frameworks */,
			);
			sourceTree = "<group>";
		};
		395150EF243ED964007320E4 /* Products */ = {
			isa = PBXGroup;
			children = (
				395150EE243ED964007320E4 /* In-app WebViewController.app */,
			);
			name = Products;
			sourceTree = "<group>";
		};
		395150F0243ED964007320E4 /* In-app WebViewController */ = {
			isa = PBXGroup;
			children = (
				39515103243EDBEE007320E4 /* WebViewController */,
				395150F1243ED964007320E4 /* AppDelegate.swift */,
				395150F3243ED964007320E4 /* ViewController.swift */,
				395150F5243ED964007320E4 /* Main.storyboard */,
				395150F8243ED967007320E4 /* Assets.xcassets */,
				395150FA243ED967007320E4 /* LaunchScreen.storyboard */,
				395150FD243ED967007320E4 /* Info.plist */,
			);
			path = "In-app WebViewController";
			sourceTree = "<group>";
		};
		39515103243EDBEE007320E4 /* WebViewController */ = {
			isa = PBXGroup;
			children = (
				39515104243EDD1D007320E4 /* WebViewController.swift */,
				39515105243EDD1D007320E4 /* WebViewController.xib */,
			);
			path = WebViewController;
			sourceTree = "<group>";
		};
/* End PBXGroup section */

/* Begin PBXNativeTarget section */
		395150ED243ED964007320E4 /* In-app WebViewController */ = {
			isa = PBXNativeTarget;
			buildConfigurationList = 39515100243ED967007320E4 /* Build configuration list for PBXNativeTarget "In-app WebViewController" */;
			buildPhases = (
				395150EA243ED964007320E4 /* Sources */,
				395150EB243ED964007320E4 /* Frameworks */,
				395150EC243ED964007320E4 /* Resources */,
			);
			buildRules = (
			);
			dependencies = (
			);
			name = "In-app WebViewController";
			productName = "In-app WebViewController";
			productReference = 395150EE243ED964007320E4 /* In-app WebViewController.app */;
			productType = "com.apple.product-type.application";
		};
/* End PBXNativeTarget section */

/* Begin PBXProject section */
		395150E6243ED964007320E4 /* Project object */ = {
			isa = PBXProject;
			attributes = {
				LastSwiftUpdateCheck = 1030;
				LastUpgradeCheck = 1030;
				ORGANIZATIONNAME = VVLab;
				TargetAttributes = {
					395150ED243ED964007320E4 = {
						CreatedOnToolsVersion = 10.3;
					};
				};
			};
			buildConfigurationList = 395150E9243ED964007320E4 /* Build configuration list for PBXProject "In-app WebViewController" */;
			compatibilityVersion = "Xcode 9.3";
			developmentRegion = en;
			hasScannedForEncodings = 0;
			knownRegions = (
				en,
				Base,
			);
			mainGroup = 395150E5243ED964007320E4;
			productRefGroup = 395150EF243ED964007320E4 /* Products */;
			projectDirPath = "";
			projectRoot = "";
			targets = (
				395150ED243ED964007320E4 /* In-app WebViewController */,
			);
		};
/* End PBXProject section */

/* Begin PBXResourcesBuildPhase section */
		395150EC243ED964007320E4 /* Resources */ = {
			isa = PBXResourcesBuildPhase;
			buildActionMask = 2147483647;
			files = (
				395150FC243ED967007320E4 /* LaunchScreen.storyboard in Resources */,
				395150F9243ED967007320E4 /* Assets.xcassets in Resources */,
				395150F7243ED964007320E4 /* Main.storyboard in Resources */,
				39515107243EDD1D007320E4 /* WebViewController.xib in Resources */,
			);
			runOnlyForDeploymentPostprocessing = 0;
		};
/* End PBXResourcesBuildPhase section */

/* Begin PBXSourcesBuildPhase section */
		395150EA243ED964007320E4 /* Sources */ = {
			isa = PBXSourcesBuildPhase;
			buildActionMask = 2147483647;
			files = (
				395150F4243ED964007320E4 /* ViewController.swift in Sources */,
				39515106243EDD1D007320E4 /* WebViewController.swift in Sources */,
				395150F2243ED964007320E4 /* AppDelegate.swift in Sources */,
			);
			runOnlyForDeploymentPostprocessing = 0;
		};
/* End PBXSourcesBuildPhase section */

/* Begin PBXVariantGroup section */
		395150F5243ED964007320E4 /* Main.storyboard */ = {
			isa = PBXVariantGroup;
			children = (
				395150F6243ED964007320E4 /* Base */,
			);
			name = Main.storyboard;
			sourceTree = "<group>";
		};
		395150FA243ED967007320E4 /* LaunchScreen.storyboard */ = {
			isa = PBXVariantGroup;
			children = (
				395150FB243ED967007320E4 /* Base */,
			);
			name = LaunchScreen.storyboard;
			sourceTree = "<group>";
		};
/* End PBXVariantGroup section */

/* Begin XCBuildConfiguration section */
		395150FE243ED967007320E4 /* Debug */ = {
			isa = XCBuildConfiguration;
			buildSettings = {
				ALWAYS_SEARCH_USER_PATHS = NO;
				CLANG_ANALYZER_NONNULL = YES;
				CLANG_ANALYZER_NUMBER_OBJECT_CONVERSION = YES_AGGRESSIVE;
				CLANG_CXX_LANGUAGE_STANDARD = "gnu++14";
				CLANG_CXX_LIBRARY = "libc++";
				CLANG_ENABLE_MODULES = YES;
				CLANG_ENABLE_OBJC_ARC = YES;
				CLANG_ENABLE_OBJC_WEAK = YES;
				CLANG_WARN_BLOCK_CAPTURE_AUTORELEASING = YES;
				CLANG_WARN_BOOL_CONVERSION = YES;
				CLANG_WARN_COMMA = YES;
				CLANG_WARN_CONSTANT_CONVERSION = YES;
				CLANG_WARN_DEPRECATED_OBJC_IMPLEMENTATIONS = YES;
				CLANG_WARN_DIRECT_OBJC_ISA_USAGE = YES_ERROR;
				CLANG_WARN_DOCUMENTATION_COMMENTS = YES;
				CLANG_WARN_EMPTY_BODY = YES;
				CLANG_WARN_ENUM_CONVERSION = YES;
				CLANG_WARN_INFINITE_RECURSION = YES;
				CLANG_WARN_INT_CONVERSION = YES;
				CLANG_WARN_NON_LITERAL_NULL_CONVERSION = YES;
				CLANG_WARN_OBJC_IMPLICIT_RETAIN_SELF = YES;
				CLANG_WARN_OBJC_LITERAL_CONVERSION = YES;
				CLANG_WARN_OBJC_ROOT_CLASS = YES_ERROR;
				CLANG_WARN_RANGE_LOOP_ANALYSIS = YES;
				CLANG_WARN_STRICT_PROTOTYPES = YES;
				CLANG_WARN_SUSPICIOUS_MOVE = YES;
				CLANG_WARN_UNGUARDED_AVAILABILITY = YES_AGGRESSIVE;
				CLANG_WARN_UNREACHABLE_CODE = YES;
				CLANG_WARN__DUPLICATE_METHOD_MATCH = YES;
				CODE_SIGN_IDENTITY = "iPhone Developer";
				COPY_PHASE_STRIP = NO;
				DEBUG_INFORMATION_FORMAT = dwarf;
				ENABLE_STRICT_OBJC_MSGSEND = YES;
				ENABLE_TESTABILITY = YES;
				GCC_C_LANGUAGE_STANDARD = gnu11;
				GCC_DYNAMIC_NO_PIC = NO;
				GCC_NO_COMMON_BLOCKS = YES;
				GCC_OPTIMIZATION_LEVEL = 0;
				GCC_PREPROCESSOR_DEFINITIONS = (
					"DEBUG=1",
					"$(inherited)",
				);
				GCC_WARN_64_TO_32_BIT_CONVERSION = YES;
				GCC_WARN_ABOUT_RETURN_TYPE = YES_ERROR;
				GCC_WARN_UNDECLARED_SELECTOR = YES;
				GCC_WARN_UNINITIALIZED_AUTOS = YES_AGGRESSIVE;
				GCC_WARN_UNUSED_FUNCTION = YES;
				GCC_WARN_UNUSED_VARIABLE = YES;
				IPHONEOS_DEPLOYMENT_TARGET = 12.4;
				MTL_ENABLE_DEBUG_INFO = INCLUDE_SOURCE;
				MTL_FAST_MATH = YES;
				ONLY_ACTIVE_ARCH = YES;
				SDKROOT = iphoneos;
				SWIFT_ACTIVE_COMPILATION_CONDITIONS = DEBUG;
				SWIFT_OPTIMIZATION_LEVEL = "-Onone";
			};
			name = Debug;
		};
		395150FF243ED967007320E4 /* Release */ = {
			isa = XCBuildConfiguration;
			buildSettings = {
				ALWAYS_SEARCH_USER_PATHS = NO;
				CLANG_ANALYZER_NONNULL = YES;
				CLANG_ANALYZER_NUMBER_OBJECT_CONVERSION = YES_AGGRESSIVE;
				CLANG_CXX_LANGUAGE_STANDARD = "gnu++14";
				CLANG_CXX_LIBRARY = "libc++";
				CLANG_ENABLE_MODULES = YES;
				CLANG_ENABLE_OBJC_ARC = YES;
				CLANG_ENABLE_OBJC_WEAK = YES;
				CLANG_WARN_BLOCK_CAPTURE_AUTORELEASING = YES;
				CLANG_WARN_BOOL_CONVERSION = YES;
				CLANG_WARN_COMMA = YES;
				CLANG_WARN_CONSTANT_CONVERSION = YES;
				CLANG_WARN_DEPRECATED_OBJC_IMPLEMENTATIONS = YES;
				CLANG_WARN_DIRECT_OBJC_ISA_USAGE = YES_ERROR;
				CLANG_WARN_DOCUMENTATION_COMMENTS = YES;
				CLANG_WARN_EMPTY_BODY = YES;
				CLANG_WARN_ENUM_CONVERSION = YES;
				CLANG_WARN_INFINITE_RECURSION = YES;
				CLANG_WARN_INT_CONVERSION = YES;
				CLANG_WARN_NON_LITERAL_NULL_CONVERSION = YES;
				CLANG_WARN_OBJC_IMPLICIT_RETAIN_SELF = YES;
				CLANG_WARN_OBJC_LITERAL_CONVERSION = YES;
				CLANG_WARN_OBJC_ROOT_CLASS = YES_ERROR;
				CLANG_WARN_RANGE_LOOP_ANALYSIS = YES;
				CLANG_WARN_STRICT_PROTOTYPES = YES;
				CLANG_WARN_SUSPICIOUS_MOVE = YES;
				CLANG_WARN_UNGUARDED_AVAILABILITY = YES_AGGRESSIVE;
				CLANG_WARN_UNREACHABLE_CODE = YES;
				CLANG_WARN__DUPLICATE_METHOD_MATCH = YES;
				CODE_SIGN_IDENTITY = "iPhone Developer";
				COPY_PHASE_STRIP = NO;
				DEBUG_INFORMATION_FORMAT = "dwarf-with-dsym";
				ENABLE_NS_ASSERTIONS = NO;
				ENABLE_STRICT_OBJC_MSGSEND = YES;
				GCC_C_LANGUAGE_STANDARD = gnu11;
				GCC_NO_COMMON_BLOCKS = YES;
				GCC_WARN_64_TO_32_BIT_CONVERSION = YES;
				GCC_WARN_ABOUT_RETURN_TYPE = YES_ERROR;
				GCC_WARN_UNDECLARED_SELECTOR = YES;
				GCC_WARN_UNINITIALIZED_AUTOS = YES_AGGRESSIVE;
				GCC_WARN_UNUSED_FUNCTION = YES;
				GCC_WARN_UNUSED_VARIABLE = YES;
				IPHONEOS_DEPLOYMENT_TARGET = 12.4;
				MTL_ENABLE_DEBUG_INFO = NO;
				MTL_FAST_MATH = YES;
				SDKROOT = iphoneos;
				SWIFT_COMPILATION_MODE = wholemodule;
				SWIFT_OPTIMIZATION_LEVEL = "-O";
				VALIDATE_PRODUCT = YES;
			};
			name = Release;
		};
		39515101243ED967007320E4 /* Debug */ = {
			isa = XCBuildConfiguration;
			buildSettings = {
				ASSETCATALOG_COMPILER_APPICON_NAME = AppIcon;
				CODE_SIGN_STYLE = Automatic;
				DEVELOPMENT_TEAM = ZB5432BTR2;
				INFOPLIST_FILE = "In-app WebViewController/Info.plist";
				LD_RUNPATH_SEARCH_PATHS = (
					"$(inherited)",
					"@executable_path/Frameworks",
				);
				PRODUCT_BUNDLE_IDENTIFIER = "com.kiobox.In-app-WebViewController";
				PRODUCT_NAME = "$(TARGET_NAME)";
				SWIFT_VERSION = 5.0;
				TARGETED_DEVICE_FAMILY = "1,2";
			};
			name = Debug;
		};
		39515102243ED967007320E4 /* Release */ = {
			isa = XCBuildConfiguration;
			buildSettings = {
				ASSETCATALOG_COMPILER_APPICON_NAME = AppIcon;
				CODE_SIGN_STYLE = Automatic;
				DEVELOPMENT_TEAM = ZB5432BTR2;
				INFOPLIST_FILE = "In-app WebViewController/Info.plist";
				LD_RUNPATH_SEARCH_PATHS = (
					"$(inherited)",
					"@executable_path/Frameworks",
				);
				PRODUCT_BUNDLE_IDENTIFIER = "com.kiobox.In-app-WebViewController";
				PRODUCT_NAME = "$(TARGET_NAME)";
				SWIFT_VERSION = 5.0;
				TARGETED_DEVICE_FAMILY = "1,2";
			};
			name = Release;
		};
/* End XCBuildConfiguration section */

/* Begin XCConfigurationList section */
		395150E9243ED964007320E4 /* Build configuration list for PBXProject "In-app WebViewController" */ = {
			isa = XCConfigurationList;
			buildConfigurations = (
				395150FE243ED967007320E4 /* Debug */,
				395150FF243ED967007320E4 /* Release */,
			);
			defaultConfigurationIsVisible = 0;
			defaultConfigurationName = Release;
		};
		39515100243ED967007320E4 /* Build configuration list for PBXNativeTarget "In-app WebViewController" */ = {
			isa = XCConfigurationList;
			buildConfigurations = (
				39515101243ED967007320E4 /* Debug */,
				39515102243ED967007320E4 /* Release */,
			);
			defaultConfigurationIsVisible = 0;
			defaultConfigurationName = Release;
		};
/* End XCConfigurationList section */
	};
	rootObject = 395150E6243ED964007320E4 /* Project object */;
}
